// !$*UTF8*$!
{
	archiveVersion = 1;
	classes = {
	};
	objectVersion = 56;
	objects = {

/* Begin PBXBuildFile section */
		56FD835D2A3014C000FFA093 /* Fastlane_TesteApp.swift in Sources */ = {isa = PBXBuildFile; fileRef = 56FD835C2A3014C000FFA093 /* Fastlane_TesteApp.swift */; };
		56FD835F2A3014C000FFA093 /* ContentView.swift in Sources */ = {isa = PBXBuildFile; fileRef = 56FD835E2A3014C000FFA093 /* ContentView.swift */; };
		56FD83612A3014C100FFA093 /* Assets.xcassets in Resources */ = {isa = PBXBuildFile; fileRef = 56FD83602A3014C100FFA093 /* Assets.xcassets */; };
		56FD83652A3014C100FFA093 /* Preview Assets.xcassets in Resources */ = {isa = PBXBuildFile; fileRef = 56FD83642A3014C100FFA093 /* Preview Assets.xcassets */; };
		56FD83722A3014D100FFA093 /* Fastlane_TesteTests.swift in Sources */ = {isa = PBXBuildFile; fileRef = 56FD83712A3014D100FFA093 /* Fastlane_TesteTests.swift */; };
/* End PBXBuildFile section */

/* Begin PBXContainerItemProxy section */
		56FD83732A3014D100FFA093 /* PBXContainerItemProxy */ = {
			isa = PBXContainerItemProxy;
			containerPortal = 56FD83512A3014C000FFA093 /* Project object */;
			proxyType = 1;
			remoteGlobalIDString = 56FD83582A3014C000FFA093;
			remoteInfo = Fastlane_Teste;
		};
/* End PBXContainerItemProxy section */

/* Begin PBXFileReference section */
		56FD83592A3014C000FFA093 /* Fastlane_Teste.app */ = {isa = PBXFileReference; explicitFileType = wrapper.application; includeInIndex = 0; path = Fastlane_Teste.app; sourceTree = BUILT_PRODUCTS_DIR; };
		56FD835C2A3014C000FFA093 /* Fastlane_TesteApp.swift */ = {isa = PBXFileReference; lastKnownFileType = sourcecode.swift; path = Fastlane_TesteApp.swift; sourceTree = "<group>"; };
		56FD835E2A3014C000FFA093 /* ContentView.swift */ = {isa = PBXFileReference; lastKnownFileType = sourcecode.swift; path = ContentView.swift; sourceTree = "<group>"; };
		56FD83602A3014C100FFA093 /* Assets.xcassets */ = {isa = PBXFileReference; lastKnownFileType = folder.assetcatalog; path = Assets.xcassets; sourceTree = "<group>"; };
		56FD83622A3014C100FFA093 /* Fastlane_Teste.entitlements */ = {isa = PBXFileReference; lastKnownFileType = text.plist.entitlements; path = Fastlane_Teste.entitlements; sourceTree = "<group>"; };
		56FD83642A3014C100FFA093 /* Preview Assets.xcassets */ = {isa = PBXFileReference; lastKnownFileType = folder.assetcatalog; path = "Preview Assets.xcassets"; sourceTree = "<group>"; };
		56FD836F2A3014D100FFA093 /* Fastlane_TesteTests.xctest */ = {isa = PBXFileReference; explicitFileType = wrapper.cfbundle; includeInIndex = 0; path = Fastlane_TesteTests.xctest; sourceTree = BUILT_PRODUCTS_DIR; };
		56FD83712A3014D100FFA093 /* Fastlane_TesteTests.swift */ = {isa = PBXFileReference; lastKnownFileType = sourcecode.swift; path = Fastlane_TesteTests.swift; sourceTree = "<group>"; };
/* End PBXFileReference section */

/* Begin PBXFrameworksBuildPhase section */
		56FD83562A3014C000FFA093 /* Frameworks */ = {
			isa = PBXFrameworksBuildPhase;
			buildActionMask = 2147483647;
			files = (
			);
			runOnlyForDeploymentPostprocessing = 0;
		};
		56FD836C2A3014D100FFA093 /* Frameworks */ = {
			isa = PBXFrameworksBuildPhase;
			buildActionMask = 2147483647;
			files = (
			);
			runOnlyForDeploymentPostprocessing = 0;
		};
/* End PBXFrameworksBuildPhase section */

/* Begin PBXGroup section */
		56FD83502A3014C000FFA093 = {
			isa = PBXGroup;
			children = (
				56FD835B2A3014C000FFA093 /* Fastlane_Teste */,
				56FD83702A3014D100FFA093 /* Fastlane_TesteTests */,
				56FD835A2A3014C000FFA093 /* Products */,
			);
			sourceTree = "<group>";
		};
		56FD835A2A3014C000FFA093 /* Products */ = {
			isa = PBXGroup;
			children = (
				56FD83592A3014C000FFA093 /* Fastlane_Teste.app */,
				56FD836F2A3014D100FFA093 /* Fastlane_TesteTests.xctest */,
			);
			name = Products;
			sourceTree = "<group>";
		};
		56FD835B2A3014C000FFA093 /* Fastlane_Teste */ = {
			isa = PBXGroup;
			children = (
				56FD835C2A3014C000FFA093 /* Fastlane_TesteApp.swift */,
				56FD835E2A3014C000FFA093 /* ContentView.swift */,
				56FD83602A3014C100FFA093 /* Assets.xcassets */,
				56FD83622A3014C100FFA093 /* Fastlane_Teste.entitlements */,
				56FD83632A3014C100FFA093 /* Preview Content */,
			);
			path = Fastlane_Teste;
			sourceTree = "<group>";
		};
		56FD83632A3014C100FFA093 /* Preview Content */ = {
			isa = PBXGroup;
			children = (
				56FD83642A3014C100FFA093 /* Preview Assets.xcassets */,
			);
			path = "Preview Content";
			sourceTree = "<group>";
		};
		56FD83702A3014D100FFA093 /* Fastlane_TesteTests */ = {
			isa = PBXGroup;
			children = (
				56FD83712A3014D100FFA093 /* Fastlane_TesteTests.swift */,
			);
			path = Fastlane_TesteTests;
			sourceTree = "<group>";
		};
/* End PBXGroup section */

/* Begin PBXNativeTarget section */
		56FD83582A3014C000FFA093 /* Fastlane_Teste */ = {
			isa = PBXNativeTarget;
			buildConfigurationList = 56FD83682A3014C100FFA093 /* Build configuration list for PBXNativeTarget "Fastlane_Teste" */;
			buildPhases = (
				56FD83552A3014C000FFA093 /* Sources */,
				56FD83562A3014C000FFA093 /* Frameworks */,
				56FD83572A3014C000FFA093 /* Resources */,
			);
			buildRules = (
			);
			dependencies = (
			);
			name = Fastlane_Teste;
			productName = Fastlane_Teste;
			productReference = 56FD83592A3014C000FFA093 /* Fastlane_Teste.app */;
			productType = "com.apple.product-type.application";
		};
		56FD836E2A3014D100FFA093 /* Fastlane_TesteTests */ = {
			isa = PBXNativeTarget;
			buildConfigurationList = 56FD83752A3014D100FFA093 /* Build configuration list for PBXNativeTarget "Fastlane_TesteTests" */;
			buildPhases = (
				56FD836B2A3014D100FFA093 /* Sources */,
				56FD836C2A3014D100FFA093 /* Frameworks */,
				56FD836D2A3014D100FFA093 /* Resources */,
			);
			buildRules = (
			);
			dependencies = (
				56FD83742A3014D100FFA093 /* PBXTargetDependency */,
			);
			name = Fastlane_TesteTests;
			productName = Fastlane_TesteTests;
			productReference = 56FD836F2A3014D100FFA093 /* Fastlane_TesteTests.xctest */;
			productType = "com.apple.product-type.bundle.unit-test";
		};
/* End PBXNativeTarget section */

/* Begin PBXProject section */
		56FD83512A3014C000FFA093 /* Project object */ = {
			isa = PBXProject;
			attributes = {
				BuildIndependentTargetsInParallel = 1;
				LastSwiftUpdateCheck = 1430;
				LastUpgradeCheck = 1430;
				TargetAttributes = {
					56FD83582A3014C000FFA093 = {
						CreatedOnToolsVersion = 14.3;
					};
					56FD836E2A3014D100FFA093 = {
						CreatedOnToolsVersion = 14.3;
						TestTargetID = 56FD83582A3014C000FFA093;
					};
				};
			};
			buildConfigurationList = 56FD83542A3014C000FFA093 /* Build configuration list for PBXProject "Fastlane_Teste" */;
			compatibilityVersion = "Xcode 14.0";
			developmentRegion = en;
			hasScannedForEncodings = 0;
			knownRegions = (
				en,
				Base,
			);
			mainGroup = 56FD83502A3014C000FFA093;
			productRefGroup = 56FD835A2A3014C000FFA093 /* Products */;
			projectDirPath = "";
			projectRoot = "";
			targets = (
				56FD83582A3014C000FFA093 /* Fastlane_Teste */,
				56FD836E2A3014D100FFA093 /* Fastlane_TesteTests */,
			);
		};
/* End PBXProject section */

/* Begin PBXResourcesBuildPhase section */
		56FD83572A3014C000FFA093 /* Resources */ = {
			isa = PBXResourcesBuildPhase;
			buildActionMask = 2147483647;
			files = (
				56FD83652A3014C100FFA093 /* Preview Assets.xcassets in Resources */,
				56FD83612A3014C100FFA093 /* Assets.xcassets in Resources */,
			);
			runOnlyForDeploymentPostprocessing = 0;
		};
		56FD836D2A3014D100FFA093 /* Resources */ = {
			isa = PBXResourcesBuildPhase;
			buildActionMask = 2147483647;
			files = (
			);
			runOnlyForDeploymentPostprocessing = 0;
		};
/* End PBXResourcesBuildPhase section */

/* Begin PBXSourcesBuildPhase section */
		56FD83552A3014C000FFA093 /* Sources */ = {
			isa = PBXSourcesBuildPhase;
			buildActionMask = 2147483647;
			files = (
				56FD835F2A3014C000FFA093 /* ContentView.swift in Sources */,
				56FD835D2A3014C000FFA093 /* Fastlane_TesteApp.swift in Sources */,
			);
			runOnlyForDeploymentPostprocessing = 0;
		};
		56FD836B2A3014D100FFA093 /* Sources */ = {
			isa = PBXSourcesBuildPhase;
			buildActionMask = 2147483647;
			files = (
				56FD83722A3014D100FFA093 /* Fastlane_TesteTests.swift in Sources */,
			);
			runOnlyForDeploymentPostprocessing = 0;
		};
/* End PBXSourcesBuildPhase section */

/* Begin PBXTargetDependency section */
		56FD83742A3014D100FFA093 /* PBXTargetDependency */ = {
			isa = PBXTargetDependency;
			target = 56FD83582A3014C000FFA093 /* Fastlane_Teste */;
			targetProxy = 56FD83732A3014D100FFA093 /* PBXContainerItemProxy */;
		};
/* End PBXTargetDependency section */

/* Begin XCBuildConfiguration section */
		56FD83662A3014C100FFA093 /* Debug */ = {
			isa = XCBuildConfiguration;
			buildSettings = {
				ALWAYS_SEARCH_USER_PATHS = NO;
				CLANG_ANALYZER_NONNULL = YES;
				CLANG_ANALYZER_NUMBER_OBJECT_CONVERSION = YES_AGGRESSIVE;
				CLANG_CXX_LANGUAGE_STANDARD = "gnu++20";
				CLANG_ENABLE_MODULES = YES;
				CLANG_ENABLE_OBJC_ARC = YES;
				CLANG_ENABLE_OBJC_WEAK = YES;
				CLANG_WARN_BLOCK_CAPTURE_AUTORELEASING = YES;
				CLANG_WARN_BOOL_CONVERSION = YES;
				CLANG_WARN_COMMA = YES;
				CLANG_WARN_CONSTANT_CONVERSION = YES;
				CLANG_WARN_DEPRECATED_OBJC_IMPLEMENTATIONS = YES;
				CLANG_WARN_DIRECT_OBJC_ISA_USAGE = YES_ERROR;
				CLANG_WARN_DOCUMENTATION_COMMENTS = YES;
				CLANG_WARN_EMPTY_BODY = YES;
				CLANG_WARN_ENUM_CONVERSION = YES;
				CLANG_WARN_INFINITE_RECURSION = YES;
				CLANG_WARN_INT_CONVERSION = YES;
				CLANG_WARN_NON_LITERAL_NULL_CONVERSION = YES;
				CLANG_WARN_OBJC_IMPLICIT_RETAIN_SELF = YES;
				CLANG_WARN_OBJC_LITERAL_CONVERSION = YES;
				CLANG_WARN_OBJC_ROOT_CLASS = YES_ERROR;
				CLANG_WARN_QUOTED_INCLUDE_IN_FRAMEWORK_HEADER = YES;
				CLANG_WARN_RANGE_LOOP_ANALYSIS = YES;
				CLANG_WARN_STRICT_PROTOTYPES = YES;
				CLANG_WARN_SUSPICIOUS_MOVE = YES;
				CLANG_WARN_UNGUARDED_AVAILABILITY = YES_AGGRESSIVE;
				CLANG_WARN_UNREACHABLE_CODE = YES;
				CLANG_WARN__DUPLICATE_METHOD_MATCH = YES;
				COPY_PHASE_STRIP = NO;
				DEBUG_INFORMATION_FORMAT = dwarf;
				ENABLE_STRICT_OBJC_MSGSEND = YES;
				ENABLE_TESTABILITY = YES;
				GCC_C_LANGUAGE_STANDARD = gnu11;
				GCC_DYNAMIC_NO_PIC = NO;
				GCC_NO_COMMON_BLOCKS = YES;
				GCC_OPTIMIZATION_LEVEL = 0;
				GCC_PREPROCESSOR_DEFINITIONS = (
					"DEBUG=1",
					"$(inherited)",
				);
				GCC_WARN_64_TO_32_BIT_CONVERSION = YES;
				GCC_WARN_ABOUT_RETURN_TYPE = YES_ERROR;
				GCC_WARN_UNDECLARED_SELECTOR = YES;
				GCC_WARN_UNINITIALIZED_AUTOS = YES_AGGRESSIVE;
				GCC_WARN_UNUSED_FUNCTION = YES;
				GCC_WARN_UNUSED_VARIABLE = YES;
				MTL_ENABLE_DEBUG_INFO = INCLUDE_SOURCE;
				MTL_FAST_MATH = YES;
				ONLY_ACTIVE_ARCH = YES;
				SWIFT_ACTIVE_COMPILATION_CONDITIONS = DEBUG;
				SWIFT_OPTIMIZATION_LEVEL = "-Onone";
			};
			name = Debug;
		};
		56FD83672A3014C100FFA093 /* Release */ = {
			isa = XCBuildConfiguration;
			buildSettings = {
				ALWAYS_SEARCH_USER_PATHS = NO;
				CLANG_ANALYZER_NONNULL = YES;
				CLANG_ANALYZER_NUMBER_OBJECT_CONVERSION = YES_AGGRESSIVE;
				CLANG_CXX_LANGUAGE_STANDARD = "gnu++20";
				CLANG_ENABLE_MODULES = YES;
				CLANG_ENABLE_OBJC_ARC = YES;
				CLANG_ENABLE_OBJC_WEAK = YES;
				CLANG_WARN_BLOCK_CAPTURE_AUTORELEASING = YES;
				CLANG_WARN_BOOL_CONVERSION = YES;
				CLANG_WARN_COMMA = YES;
				CLANG_WARN_CONSTANT_CONVERSION = YES;
				CLANG_WARN_DEPRECATED_OBJC_IMPLEMENTATIONS = YES;
				CLANG_WARN_DIRECT_OBJC_ISA_USAGE = YES_ERROR;
				CLANG_WARN_DOCUMENTATION_COMMENTS = YES;
				CLANG_WARN_EMPTY_BODY = YES;
				CLANG_WARN_ENUM_CONVERSION = YES;
				CLANG_WARN_INFINITE_RECURSION = YES;
				CLANG_WARN_INT_CONVERSION = YES;
				CLANG_WARN_NON_LITERAL_NULL_CONVERSION = YES;
				CLANG_WARN_OBJC_IMPLICIT_RETAIN_SELF = YES;
				CLANG_WARN_OBJC_LITERAL_CONVERSION = YES;
				CLANG_WARN_OBJC_ROOT_CLASS = YES_ERROR;
				CLANG_WARN_QUOTED_INCLUDE_IN_FRAMEWORK_HEADER = YES;
				CLANG_WARN_RANGE_LOOP_ANALYSIS = YES;
				CLANG_WARN_STRICT_PROTOTYPES = YES;
				CLANG_WARN_SUSPICIOUS_MOVE = YES;
				CLANG_WARN_UNGUARDED_AVAILABILITY = YES_AGGRESSIVE;
				CLANG_WARN_UNREACHABLE_CODE = YES;
				CLANG_WARN__DUPLICATE_METHOD_MATCH = YES;
				COPY_PHASE_STRIP = NO;
				DEBUG_INFORMATION_FORMAT = "dwarf-with-dsym";
				ENABLE_NS_ASSERTIONS = NO;
				ENABLE_STRICT_OBJC_MSGSEND = YES;
				GCC_C_LANGUAGE_STANDARD = gnu11;
				GCC_NO_COMMON_BLOCKS = YES;
				GCC_WARN_64_TO_32_BIT_CONVERSION = YES;
				GCC_WARN_ABOUT_RETURN_TYPE = YES_ERROR;
				GCC_WARN_UNDECLARED_SELECTOR = YES;
				GCC_WARN_UNINITIALIZED_AUTOS = YES_AGGRESSIVE;
				GCC_WARN_UNUSED_FUNCTION = YES;
				GCC_WARN_UNUSED_VARIABLE = YES;
				MTL_ENABLE_DEBUG_INFO = NO;
				MTL_FAST_MATH = YES;
				SWIFT_COMPILATION_MODE = wholemodule;
				SWIFT_OPTIMIZATION_LEVEL = "-O";
			};
			name = Release;
		};
		56FD83692A3014C100FFA093 /* Debug */ = {
			isa = XCBuildConfiguration;
			buildSettings = {
				ASSETCATALOG_COMPILER_APPICON_NAME = AppIcon;
				ASSETCATALOG_COMPILER_GLOBAL_ACCENT_COLOR_NAME = AccentColor;
				CODE_SIGN_ENTITLEMENTS = Fastlane_Teste/Fastlane_Teste.entitlements;
				CODE_SIGN_STYLE = Automatic;
				CURRENT_PROJECT_VERSION = 1;
				DEVELOPMENT_ASSET_PATHS = "\"Fastlane_Teste/Preview Content\"";
				DEVELOPMENT_TEAM = 2KUGC5CZ6Z;
				ENABLE_HARDENED_RUNTIME = YES;
				ENABLE_PREVIEWS = YES;
				GENERATE_INFOPLIST_FILE = YES;
				"INFOPLIST_KEY_UIApplicationSceneManifest_Generation[sdk=iphoneos*]" = YES;
				"INFOPLIST_KEY_UIApplicationSceneManifest_Generation[sdk=iphonesimulator*]" = YES;
				"INFOPLIST_KEY_UIApplicationSupportsIndirectInputEvents[sdk=iphoneos*]" = YES;
				"INFOPLIST_KEY_UIApplicationSupportsIndirectInputEvents[sdk=iphonesimulator*]" = YES;
				"INFOPLIST_KEY_UILaunchScreen_Generation[sdk=iphoneos*]" = YES;
				"INFOPLIST_KEY_UILaunchScreen_Generation[sdk=iphonesimulator*]" = YES;
				"INFOPLIST_KEY_UIStatusBarStyle[sdk=iphoneos*]" = UIStatusBarStyleDefault;
				"INFOPLIST_KEY_UIStatusBarStyle[sdk=iphonesimulator*]" = UIStatusBarStyleDefault;
				INFOPLIST_KEY_UISupportedInterfaceOrientations_iPad = "UIInterfaceOrientationPortrait UIInterfaceOrientationPortraitUpsideDown UIInterfaceOrientationLandscapeLeft UIInterfaceOrientationLandscapeRight";
				INFOPLIST_KEY_UISupportedInterfaceOrientations_iPhone = "UIInterfaceOrientationPortrait UIInterfaceOrientationLandscapeLeft UIInterfaceOrientationLandscapeRight";
				IPHONEOS_DEPLOYMENT_TARGET = 16.4;
				LD_RUNPATH_SEARCH_PATHS = "@executable_path/Frameworks";
				"LD_RUNPATH_SEARCH_PATHS[sdk=macosx*]" = "@executable_path/../Frameworks";
				MACOSX_DEPLOYMENT_TARGET = 13.2;
				MARKETING_VERSION = 1.0;
				PRODUCT_BUNDLE_IDENTIFIER = "nathalia.Fastlane-Teste";
				PRODUCT_NAME = "$(TARGET_NAME)";
				SDKROOT = auto;
				SUPPORTED_PLATFORMS = "iphoneos iphonesimulator macosx";
				SWIFT_EMIT_LOC_STRINGS = YES;
				SWIFT_VERSION = 5.0;
				TARGETED_DEVICE_FAMILY = "1,2";
			};
			name = Debug;
		};
		56FD836A2A3014C100FFA093 /* Release */ = {
			isa = XCBuildConfiguration;
			buildSettings = {
				ASSETCATALOG_COMPILER_APPICON_NAME = AppIcon;
				ASSETCATALOG_COMPILER_GLOBAL_ACCENT_COLOR_NAME = AccentColor;
				CODE_SIGN_ENTITLEMENTS = Fastlane_Teste/Fastlane_Teste.entitlements;
				CODE_SIGN_STYLE = Automatic;
				CURRENT_PROJECT_VERSION = 1;
				DEVELOPMENT_ASSET_PATHS = "\"Fastlane_Teste/Preview Content\"";
				DEVELOPMENT_TEAM = 2KUGC5CZ6Z;
				ENABLE_HARDENED_RUNTIME = YES;
				ENABLE_PREVIEWS = YES;
				GENERATE_INFOPLIST_FILE = YES;
				"INFOPLIST_KEY_UIApplicationSceneManifest_Generation[sdk=iphoneos*]" = YES;
				"INFOPLIST_KEY_UIApplicationSceneManifest_Generation[sdk=iphonesimulator*]" = YES;
				"INFOPLIST_KEY_UIApplicationSupportsIndirectInputEvents[sdk=iphoneos*]" = YES;
				"INFOPLIST_KEY_UIApplicationSupportsIndirectInputEvents[sdk=iphonesimulator*]" = YES;
				"INFOPLIST_KEY_UILaunchScreen_Generation[sdk=iphoneos*]" = YES;
				"INFOPLIST_KEY_UILaunchScreen_Generation[sdk=iphonesimulator*]" = YES;
				"INFOPLIST_KEY_UIStatusBarStyle[sdk=iphoneos*]" = UIStatusBarStyleDefault;
				"INFOPLIST_KEY_UIStatusBarStyle[sdk=iphonesimulator*]" = UIStatusBarStyleDefault;
				INFOPLIST_KEY_UISupportedInterfaceOrientations_iPad = "UIInterfaceOrientationPortrait UIInterfaceOrientationPortraitUpsideDown UIInterfaceOrientationLandscapeLeft UIInterfaceOrientationLandscapeRight";
				INFOPLIST_KEY_UISupportedInterfaceOrientations_iPhone = "UIInterfaceOrientationPortrait UIInterfaceOrientationLandscapeLeft UIInterfaceOrientationLandscapeRight";
				IPHONEOS_DEPLOYMENT_TARGET = 16.4;
				LD_RUNPATH_SEARCH_PATHS = "@executable_path/Frameworks";
				"LD_RUNPATH_SEARCH_PATHS[sdk=macosx*]" = "@executable_path/../Frameworks";
				MACOSX_DEPLOYMENT_TARGET = 13.2;
				MARKETING_VERSION = 1.0;
				PRODUCT_BUNDLE_IDENTIFIER = "nathalia.Fastlane-Teste";
				PRODUCT_NAME = "$(TARGET_NAME)";
				SDKROOT = auto;
				SUPPORTED_PLATFORMS = "iphoneos iphonesimulator macosx";
				SWIFT_EMIT_LOC_STRINGS = YES;
				SWIFT_VERSION = 5.0;
				TARGETED_DEVICE_FAMILY = "1,2";
			};
			name = Release;
		};
		56FD83762A3014D100FFA093 /* Debug */ = {
			isa = XCBuildConfiguration;
			buildSettings = {
				BUNDLE_LOADER = "$(TEST_HOST)";
				CODE_SIGN_STYLE = Automatic;
				CURRENT_PROJECT_VERSION = 1;
				DEVELOPMENT_TEAM = 2KUGC5CZ6Z;
				GENERATE_INFOPLIST_FILE = YES;
				IPHONEOS_DEPLOYMENT_TARGET = 16.4;
				MACOSX_DEPLOYMENT_TARGET = 13.2;
				MARKETING_VERSION = 1.0;
				PRODUCT_BUNDLE_IDENTIFIER = "nathalia.Fastlane-TesteTests";
				PRODUCT_NAME = "$(TARGET_NAME)";
				SDKROOT = auto;
				SUPPORTED_PLATFORMS = "iphoneos iphonesimulator macosx";
				SWIFT_EMIT_LOC_STRINGS = NO;
				SWIFT_VERSION = 5.0;
				TARGETED_DEVICE_FAMILY = "1,2";
				TEST_HOST = "$(BUILT_PRODUCTS_DIR)/Fastlane_Teste.app/$(BUNDLE_EXECUTABLE_FOLDER_PATH)/Fastlane_Teste";
			};
			name = Debug;
		};
		56FD83772A3014D100FFA093 /* Release */ = {
			isa = XCBuildConfiguration;
			buildSettings = {
				BUNDLE_LOADER = "$(TEST_HOST)";
				CODE_SIGN_STYLE = Automatic;
				CURRENT_PROJECT_VERSION = 1;
				DEVELOPMENT_TEAM = 2KUGC5CZ6Z;
				GENERATE_INFOPLIST_FILE = YES;
				IPHONEOS_DEPLOYMENT_TARGET = 16.4;
				MACOSX_DEPLOYMENT_TARGET = 13.2;
				MARKETING_VERSION = 1.0;
				PRODUCT_BUNDLE_IDENTIFIER = "nathalia.Fastlane-TesteTests";
				PRODUCT_NAME = "$(TARGET_NAME)";
				SDKROOT = auto;
				SUPPORTED_PLATFORMS = "iphoneos iphonesimulator macosx";
				SWIFT_EMIT_LOC_STRINGS = NO;
				SWIFT_VERSION = 5.0;
				TARGETED_DEVICE_FAMILY = "1,2";
				TEST_HOST = "$(BUILT_PRODUCTS_DIR)/Fastlane_Teste.app/$(BUNDLE_EXECUTABLE_FOLDER_PATH)/Fastlane_Teste";
			};
			name = Release;
		};
/* End XCBuildConfiguration section */

/* Begin XCConfigurationList section */
		56FD83542A3014C000FFA093 /* Build configuration list for PBXProject "Fastlane_Teste" */ = {
			isa = XCConfigurationList;
			buildConfigurations = (
				56FD83662A3014C100FFA093 /* Debug */,
				56FD83672A3014C100FFA093 /* Release */,
			);
			defaultConfigurationIsVisible = 0;
			defaultConfigurationName = Release;
		};
		56FD83682A3014C100FFA093 /* Build configuration list for PBXNativeTarget "Fastlane_Teste" */ = {
			isa = XCConfigurationList;
			buildConfigurations = (
				56FD83692A3014C100FFA093 /* Debug */,
				56FD836A2A3014C100FFA093 /* Release */,
			);
			defaultConfigurationIsVisible = 0;
			defaultConfigurationName = Release;
		};
		56FD83752A3014D100FFA093 /* Build configuration list for PBXNativeTarget "Fastlane_TesteTests" */ = {
			isa = XCConfigurationList;
			buildConfigurations = (
				56FD83762A3014D100FFA093 /* Debug */,
				56FD83772A3014D100FFA093 /* Release */,
			);
			defaultConfigurationIsVisible = 0;
			defaultConfigurationName = Release;
		};
/* End XCConfigurationList section */
	};
	rootObject = 56FD83512A3014C000FFA093 /* Project object */;
}
